
Microsoft Visual Studio Solution File, Format Version 12.00
# Visual Studio 15
VisualStudioVersion = 15.0.26124.0
MinimumVisualStudioVersion = 15.0.26124.0
Project("{9A19103F-16F7-4668-BE54-9A1E7A4F7556}") = "Tizen.CapabilityManager", "Tizen.CapabilityManager.csproj", "{B5CD4EC7-7584-4B53-BC91-82155D7D84C5}"
EndProject
Project("{9A19103F-16F7-4668-BE54-9A1E7A4F7556}") = "Tizen", "..\Tizen\Tizen.csproj", "{FD419CDF-A137-4277-92C1-2D5ACDC117FC}"
EndProject
Project("{9A19103F-16F7-4668-BE54-9A1E7A4F7556}") = "Tizen.Log", "..\Tizen.Log\Tizen.Log.csproj", "{9736ADA5-C4D6-43B2-B729-9DA6A7E3B549}"
EndProject
Global
	GlobalSection(SolutionConfigurationPlatforms) = preSolution
		Debug|Any CPU = Debug|Any CPU
		Debug|x64 = Debug|x64
		Debug|x86 = Debug|x86
		Release|Any CPU = Release|Any CPU
		Release|x64 = Release|x64
		Release|x86 = Release|x86
	EndGlobalSection
	GlobalSection(ProjectConfigurationPlatforms) = postSolution
		{B5CD4EC7-7584-4B53-BC91-82155D7D84C5}.Debug|Any CPU.ActiveCfg = Debug|Any CPU
		{B5CD4EC7-7584-4B53-BC91-82155D7D84C5}.Debug|Any CPU.Build.0 = Debug|Any CPU
		{B5CD4EC7-7584-4B53-BC91-82155D7D84C5}.Debug|x64.ActiveCfg = Debug|Any CPU
		{B5CD4EC7-7584-4B53-BC91-82155D7D84C5}.Debug|x64.Build.0 = Debug|Any CPU
		{B5CD4EC7-7584-4B53-BC91-82155D7D84C5}.Debug|x86.ActiveCfg = Debug|Any CPU
		{B5CD4EC7-7584-4B53-BC91-82155D7D84C5}.Debug|x86.Build.0 = Debug|Any CPU
		{B5CD4EC7-7584-4B53-BC91-82155D7D84C5}.Release|Any CPU.ActiveCfg = Release|Any CPU
		{B5CD4EC7-7584-4B53-BC91-82155D7D84C5}.Release|Any CPU.Build.0 = Release|Any CPU
		{B5CD4EC7-7584-4B53-BC91-82155D7D84C5}.Release|x64.ActiveCfg = Release|Any CPU
		{B5CD4EC7-7584-4B53-BC91-82155D7D84C5}.Release|x64.Build.0 = Release|Any CPU
		{B5CD4EC7-7584-4B53-BC91-82155D7D84C5}.Release|x86.ActiveCfg = Release|Any CPU
		{B5CD4EC7-7584-4B53-BC91-82155D7D84C5}.Release|x86.Build.0 = Release|Any CPU
		{FD419CDF-A137-4277-92C1-2D5ACDC117FC}.Debug|Any CPU.ActiveCfg = Debug|Any CPU
		{FD419CDF-A137-4277-92C1-2D5ACDC117FC}.Debug|Any CPU.Build.0 = Debug|Any CPU
		{FD419CDF-A137-4277-92C1-2D5ACDC117FC}.Debug|x64.ActiveCfg = Debug|Any CPU
		{FD419CDF-A137-4277-92C1-2D5ACDC117FC}.Debug|x64.Build.0 = Debug|Any CPU
		{FD419CDF-A137-4277-92C1-2D5ACDC117FC}.Debug|x86.ActiveCfg = Debug|Any CPU
		{FD419CDF-A137-4277-92C1-2D5ACDC117FC}.Debug|x86.Build.0 = Debug|Any CPU
		{FD419CDF-A137-4277-92C1-2D5ACDC117FC}.Release|Any CPU.ActiveCfg = Release|Any CPU
		{FD419CDF-A137-4277-92C1-2D5ACDC117FC}.Release|Any CPU.Build.0 = Release|Any CPU
		{FD419CDF-A137-4277-92C1-2D5ACDC117FC}.Release|x64.ActiveCfg = Release|Any CPU
		{FD419CDF-A137-4277-92C1-2D5ACDC117FC}.Release|x64.Build.0 = Release|Any CPU
		{FD419CDF-A137-4277-92C1-2D5ACDC117FC}.Release|x86.ActiveCfg = Release|Any CPU
		{FD419CDF-A137-4277-92C1-2D5ACDC117FC}.Release|x86.Build.0 = Release|Any CPU
		{9736ADA5-C4D6-43B2-B729-9DA6A7E3B549}.Debug|Any CPU.ActiveCfg = Debug|Any CPU
		{9736ADA5-C4D6-43B2-B729-9DA6A7E3B549}.Debug|Any CPU.Build.0 = Debug|Any CPU
		{9736ADA5-C4D6-43B2-B729-9DA6A7E3B549}.Debug|x64.ActiveCfg = Debug|Any CPU
		{9736ADA5-C4D6-43B2-B729-9DA6A7E3B549}.Debug|x64.Build.0 = Debug|Any CPU
		{9736ADA5-C4D6-43B2-B729-9DA6A7E3B549}.Debug|x86.ActiveCfg = Debug|Any CPU
		{9736ADA5-C4D6-43B2-B729-9DA6A7E3B549}.Debug|x86.Build.0 = Debug|Any CPU
		{9736ADA5-C4D6-43B2-B729-9DA6A7E3B549}.Release|Any CPU.ActiveCfg = Release|Any CPU
		{9736ADA5-C4D6-43B2-B729-9DA6A7E3B549}.Release|Any CPU.Build.0 = Release|Any CPU
		{9736ADA5-C4D6-43B2-B729-9DA6A7E3B549}.Release|x64.ActiveCfg = Release|Any CPU
		{9736ADA5-C4D6-43B2-B729-9DA6A7E3B549}.Release|x64.Build.0 = Release|Any CPU
		{9736ADA5-C4D6-43B2-B729-9DA6A7E3B549}.Release|x86.ActiveCfg = Release|Any CPU
		{9736ADA5-C4D6-43B2-B729-9DA6A7E3B549}.Release|x86.Build.0 = Release|Any CPU
	EndGlobalSection
	GlobalSection(SolutionProperties) = preSolution
		HideSolutionNode = FALSE
	EndGlobalSection
	GlobalSection(ExtensibilityGlobals) = postSolution
		SolutionGuid = {EF455F78-881C-483C-BD80-EEE365C2F081}
	EndGlobalSection
EndGlobal
